
Microsoft Visual Studio Solution File, Format Version 12.00
# Visual Studio 15
VisualStudioVersion = 15.0.27703.2047
MinimumVisualStudioVersion = 10.0.40219.1
Project("{FAE04EC0-301F-11D3-BF4B-00C04F79EFBC}") = "Cifrado", "Cifrado\Cifrado.csproj", "{FEFA8DB2-33C0-434B-8E0D-A11463D97542}"
EndProject
Global
	GlobalSection(SolutionConfigurationPlatforms) = preSolution
		Debug|Any CPU = Debug|Any CPU
		Release|Any CPU = Release|Any CPU
	EndGlobalSection
	GlobalSection(ProjectConfigurationPlatforms) = postSolution
		{FEFA8DB2-33C0-434B-8E0D-A11463D97542}.Debug|Any CPU.ActiveCfg = Debug|Any CPU
		{FEFA8DB2-33C0-434B-8E0D-A11463D97542}.Debug|Any CPU.Build.0 = Debug|Any CPU
		{FEFA8DB2-33C0-434B-8E0D-A11463D97542}.Release|Any CPU.ActiveCfg = Release|Any CPU
		{FEFA8DB2-33C0-434B-8E0D-A11463D97542}.Release|Any CPU.Build.0 = Release|Any CPU
	EndGlobalSection
	GlobalSection(SolutionProperties) = preSolution
		HideSolutionNode = FALSE
	EndGlobalSection
	GlobalSection(ExtensibilityGlobals) = postSolution
		SolutionGuid = {BA71716F-120C-46CA-821F-897F07A5464B}
	EndGlobalSection
EndGlobal
